
Microsoft Visual Studio Solution File, Format Version 12.00
# Visual Studio Version 17
VisualStudioVersion = 17.5.002.0
MinimumVisualStudioVersion = 10.0.40219.1
Project("{9A19103F-16F7-4668-BE54-9A1E7A4F7556}") = "Cod3rsGrowth.Web", "Cod3rsGrowth.Web.csproj", "{C65C711E-10BB-45C3-B404-DC9044917EEF}"
EndProject
Global
	GlobalSection(SolutionConfigurationPlatforms) = preSolution
		Debug|Any CPU = Debug|Any CPU
		Release|Any CPU = Release|Any CPU
	EndGlobalSection
	GlobalSection(ProjectConfigurationPlatforms) = postSolution
		{C65C711E-10BB-45C3-B404-DC9044917EEF}.Debug|Any CPU.ActiveCfg = Debug|Any CPU
		{C65C711E-10BB-45C3-B404-DC9044917EEF}.Debug|Any CPU.Build.0 = Debug|Any CPU
		{C65C711E-10BB-45C3-B404-DC9044917EEF}.Release|Any CPU.ActiveCfg = Release|Any CPU
		{C65C711E-10BB-45C3-B404-DC9044917EEF}.Release|Any CPU.Build.0 = Release|Any CPU
	EndGlobalSection
	GlobalSection(SolutionProperties) = preSolution
		HideSolutionNode = FALSE
	EndGlobalSection
	GlobalSection(ExtensibilityGlobals) = postSolution
		SolutionGuid = {CB2FA4B1-D826-49CC-A5F9-9952B9EC7CF3}
	EndGlobalSection
EndGlobal
